
Microsoft Visual Studio Solution File, Format Version 12.00
# Visual Studio Version 17
VisualStudioVersion = 17.8.34330.188
MinimumVisualStudioVersion = 10.0.40219.1
Project("{FAE04EC0-301F-11D3-BF4B-00C04F79EFBC}") = "PassportOneProj", "PassportOneProj.csproj", "{F8A163E4-1913-4F43-A6CC-76B1FC7B695D}"
EndProject
Global
	GlobalSection(SolutionConfigurationPlatforms) = preSolution
		Debug|Any CPU = Debug|Any CPU
		Release|Any CPU = Release|Any CPU
	EndGlobalSection
	GlobalSection(ProjectConfigurationPlatforms) = postSolution
		{F8A163E4-1913-4F43-A6CC-76B1FC7B695D}.Debug|Any CPU.ActiveCfg = Debug|Any CPU
		{F8A163E4-1913-4F43-A6CC-76B1FC7B695D}.Debug|Any CPU.Build.0 = Debug|Any CPU
		{F8A163E4-1913-4F43-A6CC-76B1FC7B695D}.Release|Any CPU.ActiveCfg = Release|Any CPU
		{F8A163E4-1913-4F43-A6CC-76B1FC7B695D}.Release|Any CPU.Build.0 = Release|Any CPU
	EndGlobalSection
	GlobalSection(SolutionProperties) = preSolution
		HideSolutionNode = FALSE
	EndGlobalSection
	GlobalSection(ExtensibilityGlobals) = postSolution
		SolutionGuid = {7B1DA34A-D938-4D59-9995-701834524539}
	EndGlobalSection
EndGlobal
